
Microsoft Visual Studio Solution File, Format Version 12.00
# Visual Studio Version 16
VisualStudioVersion = 16.0.30104.148
MinimumVisualStudioVersion = 10.0.40219.1
Project("{FAE04EC0-301F-11D3-BF4B-00C04F79EFBC}") = "WellData", "WellData\WellData.csproj", "{AEDF636B-1BDD-4974-BCC4-DD1FA06068F4}"
EndProject
Project("{FAE04EC0-301F-11D3-BF4B-00C04F79EFBC}") = "WellData.Core", "WellData.Core\WellData.Core.csproj", "{203B6704-2822-496B-BEC6-F8E7A5AF4E5C}"
EndProject
Project("{FAE04EC0-301F-11D3-BF4B-00C04F79EFBC}") = "WellData.Infrastructure", "WellData.Infrastructure\WellData.Infrastructure.csproj", "{20BDD569-5BBA-4F3B-BC52-C58BDDD565E7}"
EndProject
Global
	GlobalSection(SolutionConfigurationPlatforms) = preSolution
		Debug|Any CPU = Debug|Any CPU
		Release|Any CPU = Release|Any CPU
	EndGlobalSection
	GlobalSection(ProjectConfigurationPlatforms) = postSolution
		{AEDF636B-1BDD-4974-BCC4-DD1FA06068F4}.Debug|Any CPU.ActiveCfg = Debug|Any CPU
		{AEDF636B-1BDD-4974-BCC4-DD1FA06068F4}.Debug|Any CPU.Build.0 = Debug|Any CPU
		{AEDF636B-1BDD-4974-BCC4-DD1FA06068F4}.Release|Any CPU.ActiveCfg = Release|Any CPU
		{AEDF636B-1BDD-4974-BCC4-DD1FA06068F4}.Release|Any CPU.Build.0 = Release|Any CPU
		{203B6704-2822-496B-BEC6-F8E7A5AF4E5C}.Debug|Any CPU.ActiveCfg = Debug|Any CPU
		{203B6704-2822-496B-BEC6-F8E7A5AF4E5C}.Debug|Any CPU.Build.0 = Debug|Any CPU
		{203B6704-2822-496B-BEC6-F8E7A5AF4E5C}.Release|Any CPU.ActiveCfg = Release|Any CPU
		{203B6704-2822-496B-BEC6-F8E7A5AF4E5C}.Release|Any CPU.Build.0 = Release|Any CPU
		{20BDD569-5BBA-4F3B-BC52-C58BDDD565E7}.Debug|Any CPU.ActiveCfg = Debug|Any CPU
		{20BDD569-5BBA-4F3B-BC52-C58BDDD565E7}.Debug|Any CPU.Build.0 = Debug|Any CPU
		{20BDD569-5BBA-4F3B-BC52-C58BDDD565E7}.Release|Any CPU.ActiveCfg = Release|Any CPU
		{20BDD569-5BBA-4F3B-BC52-C58BDDD565E7}.Release|Any CPU.Build.0 = Release|Any CPU
	EndGlobalSection
	GlobalSection(SolutionProperties) = preSolution
		HideSolutionNode = FALSE
	EndGlobalSection
	GlobalSection(ExtensibilityGlobals) = postSolution
		SolutionGuid = {262EFCD3-CA48-46D4-ACE8-C50477E281DC}
	EndGlobalSection
EndGlobal
